
Microsoft Visual Studio Solution File, Format Version 12.00
# Visual Studio Version 17
VisualStudioVersion = 17.4.33122.133
MinimumVisualStudioVersion = 10.0.40219.1
Project("{FAE04EC0-301F-11D3-BF4B-00C04F79EFBC}") = "NZWalks.Api", "NZWalks.Api\NZWalks.Api.csproj", "{9F39CFBB-6A5B-435D-9A3D-CDEB13008890}"
EndProject
Global
	GlobalSection(SolutionConfigurationPlatforms) = preSolution
		Debug|Any CPU = Debug|Any CPU
		Release|Any CPU = Release|Any CPU
	EndGlobalSection
	GlobalSection(ProjectConfigurationPlatforms) = postSolution
		{9F39CFBB-6A5B-435D-9A3D-CDEB13008890}.Debug|Any CPU.ActiveCfg = Debug|Any CPU
		{9F39CFBB-6A5B-435D-9A3D-CDEB13008890}.Debug|Any CPU.Build.0 = Debug|Any CPU
		{9F39CFBB-6A5B-435D-9A3D-CDEB13008890}.Release|Any CPU.ActiveCfg = Release|Any CPU
		{9F39CFBB-6A5B-435D-9A3D-CDEB13008890}.Release|Any CPU.Build.0 = Release|Any CPU
	EndGlobalSection
	GlobalSection(SolutionProperties) = preSolution
		HideSolutionNode = FALSE
	EndGlobalSection
	GlobalSection(ExtensibilityGlobals) = postSolution
		SolutionGuid = {E4DD24C1-52C9-4F7C-9E4C-BF38C96C5D55}
	EndGlobalSection
EndGlobal
